// !$*UTF8*$!
{
	archiveVersion = 1;
	classes = {
	};
	objectVersion = 50;
	objects = {

/* Begin PBXBuildFile section */
		1C12D9DF25E051F700061E98 /* Tempo.swift in Sources */ = {isa = PBXBuildFile; fileRef = 1C12D9DE25E051F700061E98 /* Tempo.swift */; };
		D380B39025D0D40400EC0518 /* AppDelegate.swift in Sources */ = {isa = PBXBuildFile; fileRef = D380B38F25D0D40400EC0518 /* AppDelegate.swift */; };
		D380B39225D0D40400EC0518 /* SceneDelegate.swift in Sources */ = {isa = PBXBuildFile; fileRef = D380B39125D0D40400EC0518 /* SceneDelegate.swift */; };
		D380B39425D0D40400EC0518 /* ViewController.swift in Sources */ = {isa = PBXBuildFile; fileRef = D380B39325D0D40400EC0518 /* ViewController.swift */; };
		D380B39725D0D40400EC0518 /* Main.storyboard in Resources */ = {isa = PBXBuildFile; fileRef = D380B39525D0D40400EC0518 /* Main.storyboard */; };
		D380B39925D0D40500EC0518 /* Assets.xcassets in Resources */ = {isa = PBXBuildFile; fileRef = D380B39825D0D40500EC0518 /* Assets.xcassets */; };
		D380B39C25D0D40500EC0518 /* LaunchScreen.storyboard in Resources */ = {isa = PBXBuildFile; fileRef = D380B39A25D0D40500EC0518 /* LaunchScreen.storyboard */; };
		D380B3A725D0D40500EC0518 /* GPSTests.swift in Sources */ = {isa = PBXBuildFile; fileRef = D380B3A625D0D40500EC0518 /* GPSTests.swift */; };
		D380B3B225D0D40500EC0518 /* GPSUITests.swift in Sources */ = {isa = PBXBuildFile; fileRef = D380B3B125D0D40500EC0518 /* GPSUITests.swift */; };
		D3867FCF25D31776003B2243 /* Requests.swift in Sources */ = {isa = PBXBuildFile; fileRef = D3867FCE25D31776003B2243 /* Requests.swift */; };
/* End PBXBuildFile section */

/* Begin PBXContainerItemProxy section */
		D380B3A325D0D40500EC0518 /* PBXContainerItemProxy */ = {
			isa = PBXContainerItemProxy;
			containerPortal = D380B38425D0D40400EC0518 /* Project object */;
			proxyType = 1;
			remoteGlobalIDString = D380B38B25D0D40400EC0518;
			remoteInfo = GPS;
		};
		D380B3AE25D0D40500EC0518 /* PBXContainerItemProxy */ = {
			isa = PBXContainerItemProxy;
			containerPortal = D380B38425D0D40400EC0518 /* Project object */;
			proxyType = 1;
			remoteGlobalIDString = D380B38B25D0D40400EC0518;
			remoteInfo = GPS;
		};
/* End PBXContainerItemProxy section */

/* Begin PBXFileReference section */
		1C12D9DE25E051F700061E98 /* Tempo.swift */ = {isa = PBXFileReference; lastKnownFileType = sourcecode.swift; path = Tempo.swift; sourceTree = "<group>"; };
		D380B38C25D0D40400EC0518 /* GPS.app */ = {isa = PBXFileReference; explicitFileType = wrapper.application; includeInIndex = 0; path = GPS.app; sourceTree = BUILT_PRODUCTS_DIR; };
		D380B38F25D0D40400EC0518 /* AppDelegate.swift */ = {isa = PBXFileReference; lastKnownFileType = sourcecode.swift; path = AppDelegate.swift; sourceTree = "<group>"; };
		D380B39125D0D40400EC0518 /* SceneDelegate.swift */ = {isa = PBXFileReference; lastKnownFileType = sourcecode.swift; path = SceneDelegate.swift; sourceTree = "<group>"; };
		D380B39325D0D40400EC0518 /* ViewController.swift */ = {isa = PBXFileReference; lastKnownFileType = sourcecode.swift; path = ViewController.swift; sourceTree = "<group>"; };
		D380B39625D0D40400EC0518 /* Base */ = {isa = PBXFileReference; lastKnownFileType = file.storyboard; name = Base; path = Base.lproj/Main.storyboard; sourceTree = "<group>"; };
		D380B39825D0D40500EC0518 /* Assets.xcassets */ = {isa = PBXFileReference; lastKnownFileType = folder.assetcatalog; path = Assets.xcassets; sourceTree = "<group>"; };
		D380B39B25D0D40500EC0518 /* Base */ = {isa = PBXFileReference; lastKnownFileType = file.storyboard; name = Base; path = Base.lproj/LaunchScreen.storyboard; sourceTree = "<group>"; };
		D380B39D25D0D40500EC0518 /* Info.plist */ = {isa = PBXFileReference; lastKnownFileType = text.plist.xml; path = Info.plist; sourceTree = "<group>"; };
		D380B3A225D0D40500EC0518 /* GPSTests.xctest */ = {isa = PBXFileReference; explicitFileType = wrapper.cfbundle; includeInIndex = 0; path = GPSTests.xctest; sourceTree = BUILT_PRODUCTS_DIR; };
		D380B3A625D0D40500EC0518 /* GPSTests.swift */ = {isa = PBXFileReference; lastKnownFileType = sourcecode.swift; path = GPSTests.swift; sourceTree = "<group>"; };
		D380B3A825D0D40500EC0518 /* Info.plist */ = {isa = PBXFileReference; lastKnownFileType = text.plist.xml; path = Info.plist; sourceTree = "<group>"; };
		D380B3AD25D0D40500EC0518 /* GPSUITests.xctest */ = {isa = PBXFileReference; explicitFileType = wrapper.cfbundle; includeInIndex = 0; path = GPSUITests.xctest; sourceTree = BUILT_PRODUCTS_DIR; };
		D380B3B125D0D40500EC0518 /* GPSUITests.swift */ = {isa = PBXFileReference; lastKnownFileType = sourcecode.swift; path = GPSUITests.swift; sourceTree = "<group>"; };
		D380B3B325D0D40500EC0518 /* Info.plist */ = {isa = PBXFileReference; lastKnownFileType = text.plist.xml; path = Info.plist; sourceTree = "<group>"; };
		D3867FCE25D31776003B2243 /* Requests.swift */ = {isa = PBXFileReference; lastKnownFileType = sourcecode.swift; path = Requests.swift; sourceTree = "<group>"; };
/* End PBXFileReference section */

/* Begin PBXFrameworksBuildPhase section */
		D380B38925D0D40400EC0518 /* Frameworks */ = {
			isa = PBXFrameworksBuildPhase;
			buildActionMask = 2147483647;
			files = (
			);
			runOnlyForDeploymentPostprocessing = 0;
		};
		D380B39F25D0D40500EC0518 /* Frameworks */ = {
			isa = PBXFrameworksBuildPhase;
			buildActionMask = 2147483647;
			files = (
			);
			runOnlyForDeploymentPostprocessing = 0;
		};
		D380B3AA25D0D40500EC0518 /* Frameworks */ = {
			isa = PBXFrameworksBuildPhase;
			buildActionMask = 2147483647;
			files = (
			);
			runOnlyForDeploymentPostprocessing = 0;
		};
/* End PBXFrameworksBuildPhase section */

/* Begin PBXGroup section */
		D380B38325D0D40400EC0518 = {
			isa = PBXGroup;
			children = (
				D380B38E25D0D40400EC0518 /* GPS */,
				D380B3A525D0D40500EC0518 /* GPSTests */,
				D380B3B025D0D40500EC0518 /* GPSUITests */,
				D380B38D25D0D40400EC0518 /* Products */,
			);
			sourceTree = "<group>";
		};
		D380B38D25D0D40400EC0518 /* Products */ = {
			isa = PBXGroup;
			children = (
				D380B38C25D0D40400EC0518 /* GPS.app */,
				D380B3A225D0D40500EC0518 /* GPSTests.xctest */,
				D380B3AD25D0D40500EC0518 /* GPSUITests.xctest */,
			);
			name = Products;
			sourceTree = "<group>";
		};
		D380B38E25D0D40400EC0518 /* GPS */ = {
			isa = PBXGroup;
			children = (
				D3867FCE25D31776003B2243 /* Requests.swift */,
				1C12D9DE25E051F700061E98 /* Tempo.swift */,
				D380B38F25D0D40400EC0518 /* AppDelegate.swift */,
				D380B39125D0D40400EC0518 /* SceneDelegate.swift */,
				D380B39325D0D40400EC0518 /* ViewController.swift */,
				D380B39525D0D40400EC0518 /* Main.storyboard */,
				D380B39825D0D40500EC0518 /* Assets.xcassets */,
				D380B39A25D0D40500EC0518 /* LaunchScreen.storyboard */,
				D380B39D25D0D40500EC0518 /* Info.plist */,
			);
			path = GPS;
			sourceTree = "<group>";
		};
		D380B3A525D0D40500EC0518 /* GPSTests */ = {
			isa = PBXGroup;
			children = (
				D380B3A625D0D40500EC0518 /* GPSTests.swift */,
				D380B3A825D0D40500EC0518 /* Info.plist */,
			);
			path = GPSTests;
			sourceTree = "<group>";
		};
		D380B3B025D0D40500EC0518 /* GPSUITests */ = {
			isa = PBXGroup;
			children = (
				D380B3B125D0D40500EC0518 /* GPSUITests.swift */,
				D380B3B325D0D40500EC0518 /* Info.plist */,
			);
			path = GPSUITests;
			sourceTree = "<group>";
		};
/* End PBXGroup section */

/* Begin PBXNativeTarget section */
		D380B38B25D0D40400EC0518 /* GPS */ = {
			isa = PBXNativeTarget;
			buildConfigurationList = D380B3B625D0D40500EC0518 /* Build configuration list for PBXNativeTarget "GPS" */;
			buildPhases = (
				D380B38825D0D40400EC0518 /* Sources */,
				D380B38925D0D40400EC0518 /* Frameworks */,
				D380B38A25D0D40400EC0518 /* Resources */,
			);
			buildRules = (
			);
			dependencies = (
			);
			name = GPS;
			productName = GPS;
			productReference = D380B38C25D0D40400EC0518 /* GPS.app */;
			productType = "com.apple.product-type.application";
		};
		D380B3A125D0D40500EC0518 /* GPSTests */ = {
			isa = PBXNativeTarget;
			buildConfigurationList = D380B3B925D0D40500EC0518 /* Build configuration list for PBXNativeTarget "GPSTests" */;
			buildPhases = (
				D380B39E25D0D40500EC0518 /* Sources */,
				D380B39F25D0D40500EC0518 /* Frameworks */,
				D380B3A025D0D40500EC0518 /* Resources */,
			);
			buildRules = (
			);
			dependencies = (
				D380B3A425D0D40500EC0518 /* PBXTargetDependency */,
			);
			name = GPSTests;
			productName = GPSTests;
			productReference = D380B3A225D0D40500EC0518 /* GPSTests.xctest */;
			productType = "com.apple.product-type.bundle.unit-test";
		};
		D380B3AC25D0D40500EC0518 /* GPSUITests */ = {
			isa = PBXNativeTarget;
			buildConfigurationList = D380B3BC25D0D40500EC0518 /* Build configuration list for PBXNativeTarget "GPSUITests" */;
			buildPhases = (
				D380B3A925D0D40500EC0518 /* Sources */,
				D380B3AA25D0D40500EC0518 /* Frameworks */,
				D380B3AB25D0D40500EC0518 /* Resources */,
			);
			buildRules = (
			);
			dependencies = (
				D380B3AF25D0D40500EC0518 /* PBXTargetDependency */,
			);
			name = GPSUITests;
			productName = GPSUITests;
			productReference = D380B3AD25D0D40500EC0518 /* GPSUITests.xctest */;
			productType = "com.apple.product-type.bundle.ui-testing";
		};
/* End PBXNativeTarget section */

/* Begin PBXProject section */
		D380B38425D0D40400EC0518 /* Project object */ = {
			isa = PBXProject;
			attributes = {
				LastSwiftUpdateCheck = 1240;
				LastUpgradeCheck = 1240;
				TargetAttributes = {
					D380B38B25D0D40400EC0518 = {
						CreatedOnToolsVersion = 12.4;
					};
					D380B3A125D0D40500EC0518 = {
						CreatedOnToolsVersion = 12.4;
						TestTargetID = D380B38B25D0D40400EC0518;
					};
					D380B3AC25D0D40500EC0518 = {
						CreatedOnToolsVersion = 12.4;
						TestTargetID = D380B38B25D0D40400EC0518;
					};
				};
			};
			buildConfigurationList = D380B38725D0D40400EC0518 /* Build configuration list for PBXProject "GPS" */;
			compatibilityVersion = "Xcode 9.3";
			developmentRegion = en;
			hasScannedForEncodings = 0;
			knownRegions = (
				en,
				Base,
			);
			mainGroup = D380B38325D0D40400EC0518;
			productRefGroup = D380B38D25D0D40400EC0518 /* Products */;
			projectDirPath = "";
			projectRoot = "";
			targets = (
				D380B38B25D0D40400EC0518 /* GPS */,
				D380B3A125D0D40500EC0518 /* GPSTests */,
				D380B3AC25D0D40500EC0518 /* GPSUITests */,
			);
		};
/* End PBXProject section */

/* Begin PBXResourcesBuildPhase section */
		D380B38A25D0D40400EC0518 /* Resources */ = {
			isa = PBXResourcesBuildPhase;
			buildActionMask = 2147483647;
			files = (
				D380B39C25D0D40500EC0518 /* LaunchScreen.storyboard in Resources */,
				D380B39925D0D40500EC0518 /* Assets.xcassets in Resources */,
				D380B39725D0D40400EC0518 /* Main.storyboard in Resources */,
			);
			runOnlyForDeploymentPostprocessing = 0;
		};
		D380B3A025D0D40500EC0518 /* Resources */ = {
			isa = PBXResourcesBuildPhase;
			buildActionMask = 2147483647;
			files = (
			);
			runOnlyForDeploymentPostprocessing = 0;
		};
		D380B3AB25D0D40500EC0518 /* Resources */ = {
			isa = PBXResourcesBuildPhase;
			buildActionMask = 2147483647;
			files = (
			);
			runOnlyForDeploymentPostprocessing = 0;
		};
/* End PBXResourcesBuildPhase section */

/* Begin PBXSourcesBuildPhase section */
		D380B38825D0D40400EC0518 /* Sources */ = {
			isa = PBXSourcesBuildPhase;
			buildActionMask = 2147483647;
			files = (
				D380B39425D0D40400EC0518 /* ViewController.swift in Sources */,
				D3867FCF25D31776003B2243 /* Requests.swift in Sources */,
				D380B39025D0D40400EC0518 /* AppDelegate.swift in Sources */,
				D380B39225D0D40400EC0518 /* SceneDelegate.swift in Sources */,
				1C12D9DF25E051F700061E98 /* Tempo.swift in Sources */,
			);
			runOnlyForDeploymentPostprocessing = 0;
		};
		D380B39E25D0D40500EC0518 /* Sources */ = {
			isa = PBXSourcesBuildPhase;
			buildActionMask = 2147483647;
			files = (
				D380B3A725D0D40500EC0518 /* GPSTests.swift in Sources */,
			);
			runOnlyForDeploymentPostprocessing = 0;
		};
		D380B3A925D0D40500EC0518 /* Sources */ = {
			isa = PBXSourcesBuildPhase;
			buildActionMask = 2147483647;
			files = (
				D380B3B225D0D40500EC0518 /* GPSUITests.swift in Sources */,
			);
			runOnlyForDeploymentPostprocessing = 0;
		};
/* End PBXSourcesBuildPhase section */

/* Begin PBXTargetDependency section */
		D380B3A425D0D40500EC0518 /* PBXTargetDependency */ = {
			isa = PBXTargetDependency;
			target = D380B38B25D0D40400EC0518 /* GPS */;
			targetProxy = D380B3A325D0D40500EC0518 /* PBXContainerItemProxy */;
		};
		D380B3AF25D0D40500EC0518 /* PBXTargetDependency */ = {
			isa = PBXTargetDependency;
			target = D380B38B25D0D40400EC0518 /* GPS */;
			targetProxy = D380B3AE25D0D40500EC0518 /* PBXContainerItemProxy */;
		};
/* End PBXTargetDependency section */

/* Begin PBXVariantGroup section */
		D380B39525D0D40400EC0518 /* Main.storyboard */ = {
			isa = PBXVariantGroup;
			children = (
				D380B39625D0D40400EC0518 /* Base */,
			);
			name = Main.storyboard;
			sourceTree = "<group>";
		};
		D380B39A25D0D40500EC0518 /* LaunchScreen.storyboard */ = {
			isa = PBXVariantGroup;
			children = (
				D380B39B25D0D40500EC0518 /* Base */,
			);
			name = LaunchScreen.storyboard;
			sourceTree = "<group>";
		};
/* End PBXVariantGroup section */

/* Begin XCBuildConfiguration section */
		D380B3B425D0D40500EC0518 /* Debug */ = {
			isa = XCBuildConfiguration;
			buildSettings = {
				ALWAYS_SEARCH_USER_PATHS = NO;
				CLANG_ANALYZER_NONNULL = YES;
				CLANG_ANALYZER_NUMBER_OBJECT_CONVERSION = YES_AGGRESSIVE;
				CLANG_CXX_LANGUAGE_STANDARD = "gnu++14";
				CLANG_CXX_LIBRARY = "libc++";
				CLANG_ENABLE_MODULES = YES;
				CLANG_ENABLE_OBJC_ARC = YES;
				CLANG_ENABLE_OBJC_WEAK = YES;
				CLANG_WARN_BLOCK_CAPTURE_AUTORELEASING = YES;
				CLANG_WARN_BOOL_CONVERSION = YES;
				CLANG_WARN_COMMA = YES;
				CLANG_WARN_CONSTANT_CONVERSION = YES;
				CLANG_WARN_DEPRECATED_OBJC_IMPLEMENTATIONS = YES;
				CLANG_WARN_DIRECT_OBJC_ISA_USAGE = YES_ERROR;
				CLANG_WARN_DOCUMENTATION_COMMENTS = YES;
				CLANG_WARN_EMPTY_BODY = YES;
				CLANG_WARN_ENUM_CONVERSION = YES;
				CLANG_WARN_INFINITE_RECURSION = YES;
				CLANG_WARN_INT_CONVERSION = YES;
				CLANG_WARN_NON_LITERAL_NULL_CONVERSION = YES;
				CLANG_WARN_OBJC_IMPLICIT_RETAIN_SELF = YES;
				CLANG_WARN_OBJC_LITERAL_CONVERSION = YES;
				CLANG_WARN_OBJC_ROOT_CLASS = YES_ERROR;
				CLANG_WARN_QUOTED_INCLUDE_IN_FRAMEWORK_HEADER = YES;
				CLANG_WARN_RANGE_LOOP_ANALYSIS = YES;
				CLANG_WARN_STRICT_PROTOTYPES = YES;
				CLANG_WARN_SUSPICIOUS_MOVE = YES;
				CLANG_WARN_UNGUARDED_AVAILABILITY = YES_AGGRESSIVE;
				CLANG_WARN_UNREACHABLE_CODE = YES;
				CLANG_WARN__DUPLICATE_METHOD_MATCH = YES;
				COPY_PHASE_STRIP = NO;
				DEBUG_INFORMATION_FORMAT = dwarf;
				ENABLE_STRICT_OBJC_MSGSEND = YES;
				ENABLE_TESTABILITY = YES;
				GCC_C_LANGUAGE_STANDARD = gnu11;
				GCC_DYNAMIC_NO_PIC = NO;
				GCC_NO_COMMON_BLOCKS = YES;
				GCC_OPTIMIZATION_LEVEL = 0;
				GCC_PREPROCESSOR_DEFINITIONS = (
					"DEBUG=1",
					"$(inherited)",
				);
				GCC_WARN_64_TO_32_BIT_CONVERSION = YES;
				GCC_WARN_ABOUT_RETURN_TYPE = YES_ERROR;
				GCC_WARN_UNDECLARED_SELECTOR = YES;
				GCC_WARN_UNINITIALIZED_AUTOS = YES_AGGRESSIVE;
				GCC_WARN_UNUSED_FUNCTION = YES;
				GCC_WARN_UNUSED_VARIABLE = YES;
				IPHONEOS_DEPLOYMENT_TARGET = 14.4;
				MTL_ENABLE_DEBUG_INFO = INCLUDE_SOURCE;
				MTL_FAST_MATH = YES;
				ONLY_ACTIVE_ARCH = YES;
				SDKROOT = iphoneos;
				SWIFT_ACTIVE_COMPILATION_CONDITIONS = DEBUG;
				SWIFT_OPTIMIZATION_LEVEL = "-Onone";
			};
			name = Debug;
		};
		D380B3B525D0D40500EC0518 /* Release */ = {
			isa = XCBuildConfiguration;
			buildSettings = {
				ALWAYS_SEARCH_USER_PATHS = NO;
				CLANG_ANALYZER_NONNULL = YES;
				CLANG_ANALYZER_NUMBER_OBJECT_CONVERSION = YES_AGGRESSIVE;
				CLANG_CXX_LANGUAGE_STANDARD = "gnu++14";
				CLANG_CXX_LIBRARY = "libc++";
				CLANG_ENABLE_MODULES = YES;
				CLANG_ENABLE_OBJC_ARC = YES;
				CLANG_ENABLE_OBJC_WEAK = YES;
				CLANG_WARN_BLOCK_CAPTURE_AUTORELEASING = YES;
				CLANG_WARN_BOOL_CONVERSION = YES;
				CLANG_WARN_COMMA = YES;
				CLANG_WARN_CONSTANT_CONVERSION = YES;
				CLANG_WARN_DEPRECATED_OBJC_IMPLEMENTATIONS = YES;
				CLANG_WARN_DIRECT_OBJC_ISA_USAGE = YES_ERROR;
				CLANG_WARN_DOCUMENTATION_COMMENTS = YES;
				CLANG_WARN_EMPTY_BODY = YES;
				CLANG_WARN_ENUM_CONVERSION = YES;
				CLANG_WARN_INFINITE_RECURSION = YES;
				CLANG_WARN_INT_CONVERSION = YES;
				CLANG_WARN_NON_LITERAL_NULL_CONVERSION = YES;
				CLANG_WARN_OBJC_IMPLICIT_RETAIN_SELF = YES;
				CLANG_WARN_OBJC_LITERAL_CONVERSION = YES;
				CLANG_WARN_OBJC_ROOT_CLASS = YES_ERROR;
				CLANG_WARN_QUOTED_INCLUDE_IN_FRAMEWORK_HEADER = YES;
				CLANG_WARN_RANGE_LOOP_ANALYSIS = YES;
				CLANG_WARN_STRICT_PROTOTYPES = YES;
				CLANG_WARN_SUSPICIOUS_MOVE = YES;
				CLANG_WARN_UNGUARDED_AVAILABILITY = YES_AGGRESSIVE;
				CLANG_WARN_UNREACHABLE_CODE = YES;
				CLANG_WARN__DUPLICATE_METHOD_MATCH = YES;
				COPY_PHASE_STRIP = NO;
				DEBUG_INFORMATION_FORMAT = "dwarf-with-dsym";
				ENABLE_NS_ASSERTIONS = NO;
				ENABLE_STRICT_OBJC_MSGSEND = YES;
				GCC_C_LANGUAGE_STANDARD = gnu11;
				GCC_NO_COMMON_BLOCKS = YES;
				GCC_WARN_64_TO_32_BIT_CONVERSION = YES;
				GCC_WARN_ABOUT_RETURN_TYPE = YES_ERROR;
				GCC_WARN_UNDECLARED_SELECTOR = YES;
				GCC_WARN_UNINITIALIZED_AUTOS = YES_AGGRESSIVE;
				GCC_WARN_UNUSED_FUNCTION = YES;
				GCC_WARN_UNUSED_VARIABLE = YES;
				IPHONEOS_DEPLOYMENT_TARGET = 14.4;
				MTL_ENABLE_DEBUG_INFO = NO;
				MTL_FAST_MATH = YES;
				SDKROOT = iphoneos;
				SWIFT_COMPILATION_MODE = wholemodule;
				SWIFT_OPTIMIZATION_LEVEL = "-O";
				VALIDATE_PRODUCT = YES;
			};
			name = Release;
		};
		D380B3B725D0D40500EC0518 /* Debug */ = {
			isa = XCBuildConfiguration;
			buildSettings = {
				ASSETCATALOG_COMPILER_APPICON_NAME = AppIcon;
				ASSETCATALOG_COMPILER_GLOBAL_ACCENT_COLOR_NAME = AccentColor;
				CODE_SIGN_STYLE = Automatic;
				DEVELOPMENT_TEAM = VFRJ65HVY2;
				INFOPLIST_FILE = GPS/Info.plist;
				LD_RUNPATH_SEARCH_PATHS = (
					"$(inherited)",
					"@executable_path/Frameworks",
				);
				PRODUCT_BUNDLE_IDENTIFIER = sla.GPS;
				PRODUCT_NAME = "$(TARGET_NAME)";
				SWIFT_VERSION = 5.0;
				TARGETED_DEVICE_FAMILY = "1,2";
			};
			name = Debug;
		};
		D380B3B825D0D40500EC0518 /* Release */ = {
			isa = XCBuildConfiguration;
			buildSettings = {
				ASSETCATALOG_COMPILER_APPICON_NAME = AppIcon;
				ASSETCATALOG_COMPILER_GLOBAL_ACCENT_COLOR_NAME = AccentColor;
				CODE_SIGN_STYLE = Automatic;
				DEVELOPMENT_TEAM = VFRJ65HVY2;
				INFOPLIST_FILE = GPS/Info.plist;
				LD_RUNPATH_SEARCH_PATHS = (
					"$(inherited)",
					"@executable_path/Frameworks",
				);
				PRODUCT_BUNDLE_IDENTIFIER = sla.GPS;
				PRODUCT_NAME = "$(TARGET_NAME)";
				SWIFT_VERSION = 5.0;
				TARGETED_DEVICE_FAMILY = "1,2";
			};
			name = Release;
		};
		D380B3BA25D0D40500EC0518 /* Debug */ = {
			isa = XCBuildConfiguration;
			buildSettings = {
				ALWAYS_EMBED_SWIFT_STANDARD_LIBRARIES = YES;
				BUNDLE_LOADER = "$(TEST_HOST)";
				CODE_SIGN_STYLE = Automatic;
				INFOPLIST_FILE = GPSTests/Info.plist;
				IPHONEOS_DEPLOYMENT_TARGET = 14.4;
				LD_RUNPATH_SEARCH_PATHS = (
					"$(inherited)",
					"@executable_path/Frameworks",
					"@loader_path/Frameworks",
				);
				PRODUCT_BUNDLE_IDENTIFIER = sla.GPSTests;
				PRODUCT_NAME = "$(TARGET_NAME)";
				SWIFT_VERSION = 5.0;
				TARGETED_DEVICE_FAMILY = "1,2";
				TEST_HOST = "$(BUILT_PRODUCTS_DIR)/GPS.app/GPS";
			};
			name = Debug;
		};
		D380B3BB25D0D40500EC0518 /* Release */ = {
			isa = XCBuildConfiguration;
			buildSettings = {
				ALWAYS_EMBED_SWIFT_STANDARD_LIBRARIES = YES;
				BUNDLE_LOADER = "$(TEST_HOST)";
				CODE_SIGN_STYLE = Automatic;
				INFOPLIST_FILE = GPSTests/Info.plist;
				IPHONEOS_DEPLOYMENT_TARGET = 14.4;
				LD_RUNPATH_SEARCH_PATHS = (
					"$(inherited)",
					"@executable_path/Frameworks",
					"@loader_path/Frameworks",
				);
				PRODUCT_BUNDLE_IDENTIFIER = sla.GPSTests;
				PRODUCT_NAME = "$(TARGET_NAME)";
				SWIFT_VERSION = 5.0;
				TARGETED_DEVICE_FAMILY = "1,2";
				TEST_HOST = "$(BUILT_PRODUCTS_DIR)/GPS.app/GPS";
			};
			name = Release;
		};
		D380B3BD25D0D40500EC0518 /* Debug */ = {
			isa = XCBuildConfiguration;
			buildSettings = {
				ALWAYS_EMBED_SWIFT_STANDARD_LIBRARIES = YES;
				CODE_SIGN_STYLE = Automatic;
				INFOPLIST_FILE = GPSUITests/Info.plist;
				LD_RUNPATH_SEARCH_PATHS = (
					"$(inherited)",
					"@executable_path/Frameworks",
					"@loader_path/Frameworks",
				);
				PRODUCT_BUNDLE_IDENTIFIER = sla.GPSUITests;
				PRODUCT_NAME = "$(TARGET_NAME)";
				SWIFT_VERSION = 5.0;
				TARGETED_DEVICE_FAMILY = "1,2";
				TEST_TARGET_NAME = GPS;
			};
			name = Debug;
		};
		D380B3BE25D0D40500EC0518 /* Release */ = {
			isa = XCBuildConfiguration;
			buildSettings = {
				ALWAYS_EMBED_SWIFT_STANDARD_LIBRARIES = YES;
				CODE_SIGN_STYLE = Automatic;
				INFOPLIST_FILE = GPSUITests/Info.plist;
				LD_RUNPATH_SEARCH_PATHS = (
					"$(inherited)",
					"@executable_path/Frameworks",
					"@loader_path/Frameworks",
				);
				PRODUCT_BUNDLE_IDENTIFIER = sla.GPSUITests;
				PRODUCT_NAME = "$(TARGET_NAME)";
				SWIFT_VERSION = 5.0;
				TARGETED_DEVICE_FAMILY = "1,2";
				TEST_TARGET_NAME = GPS;
			};
			name = Release;
		};
/* End XCBuildConfiguration section */

/* Begin XCConfigurationList section */
		D380B38725D0D40400EC0518 /* Build configuration list for PBXProject "GPS" */ = {
			isa = XCConfigurationList;
			buildConfigurations = (
				D380B3B425D0D40500EC0518 /* Debug */,
				D380B3B525D0D40500EC0518 /* Release */,
			);
			defaultConfigurationIsVisible = 0;
			defaultConfigurationName = Release;
		};
		D380B3B625D0D40500EC0518 /* Build configuration list for PBXNativeTarget "GPS" */ = {
			isa = XCConfigurationList;
			buildConfigurations = (
				D380B3B725D0D40500EC0518 /* Debug */,
				D380B3B825D0D40500EC0518 /* Release */,
			);
			defaultConfigurationIsVisible = 0;
			defaultConfigurationName = Release;
		};
		D380B3B925D0D40500EC0518 /* Build configuration list for PBXNativeTarget "GPSTests" */ = {
			isa = XCConfigurationList;
			buildConfigurations = (
				D380B3BA25D0D40500EC0518 /* Debug */,
				D380B3BB25D0D40500EC0518 /* Release */,
			);
			defaultConfigurationIsVisible = 0;
			defaultConfigurationName = Release;
		};
		D380B3BC25D0D40500EC0518 /* Build configuration list for PBXNativeTarget "GPSUITests" */ = {
			isa = XCConfigurationList;
			buildConfigurations = (
				D380B3BD25D0D40500EC0518 /* Debug */,
				D380B3BE25D0D40500EC0518 /* Release */,
			);
			defaultConfigurationIsVisible = 0;
			defaultConfigurationName = Release;
		};
/* End XCConfigurationList section */
	};
	rootObject = D380B38425D0D40400EC0518 /* Project object */;
}
